
Microsoft Visual Studio Solution File, Format Version 12.00
# Visual Studio 15
VisualStudioVersion = 15.0.27130.2024
MinimumVisualStudioVersion = 10.0.40219.1
Project("{FAE04EC0-301F-11D3-BF4B-00C04F79EFBC}") = "epubed", "epubed\epubed.csproj", "{F6DA4EC2-FDE2-4BF6-8FFA-148928018EED}"
EndProject
Global
	GlobalSection(SolutionConfigurationPlatforms) = preSolution
		Debug|Any CPU = Debug|Any CPU
		Release|Any CPU = Release|Any CPU
	EndGlobalSection
	GlobalSection(ProjectConfigurationPlatforms) = postSolution
		{F6DA4EC2-FDE2-4BF6-8FFA-148928018EED}.Debug|Any CPU.ActiveCfg = Debug|Any CPU
		{F6DA4EC2-FDE2-4BF6-8FFA-148928018EED}.Debug|Any CPU.Build.0 = Debug|Any CPU
		{F6DA4EC2-FDE2-4BF6-8FFA-148928018EED}.Release|Any CPU.ActiveCfg = Release|Any CPU
		{F6DA4EC2-FDE2-4BF6-8FFA-148928018EED}.Release|Any CPU.Build.0 = Release|Any CPU
	EndGlobalSection
	GlobalSection(SolutionProperties) = preSolution
		HideSolutionNode = FALSE
	EndGlobalSection
	GlobalSection(ExtensibilityGlobals) = postSolution
		SolutionGuid = {F22D9E4F-FBB2-4003-B11F-2104226E9466}
	EndGlobalSection
EndGlobal
